// !$*UTF8*$!
{
	archiveVersion = 1;
	classes = {
	};
	objectVersion = 56;
	objects = {

/* Begin PBXBuildFile section */
		5612551429AD37E6006C7832 /* AppDelegate.swift in Sources */ = {isa = PBXBuildFile; fileRef = 5612551329AD37E6006C7832 /* AppDelegate.swift */; };
		5612551629AD37E6006C7832 /* SceneDelegate.swift in Sources */ = {isa = PBXBuildFile; fileRef = 5612551529AD37E6006C7832 /* SceneDelegate.swift */; };
		5612551829AD37E6006C7832 /* ViewController.swift in Sources */ = {isa = PBXBuildFile; fileRef = 5612551729AD37E6006C7832 /* ViewController.swift */; };
		5612551D29AD37E8006C7832 /* Assets.xcassets in Resources */ = {isa = PBXBuildFile; fileRef = 5612551C29AD37E8006C7832 /* Assets.xcassets */; };
		5612552029AD37E8006C7832 /* LaunchScreen.storyboard in Resources */ = {isa = PBXBuildFile; fileRef = 5612551E29AD37E8006C7832 /* LaunchScreen.storyboard */; };
		5612552B29AD37E8006C7832 /* ListedLinksTests.swift in Sources */ = {isa = PBXBuildFile; fileRef = 5612552A29AD37E8006C7832 /* ListedLinksTests.swift */; };
		5612553529AD37E8006C7832 /* ListedLinksUITests.swift in Sources */ = {isa = PBXBuildFile; fileRef = 5612553429AD37E8006C7832 /* ListedLinksUITests.swift */; };
		5612553729AD37E8006C7832 /* ListedLinksUITestsLaunchTests.swift in Sources */ = {isa = PBXBuildFile; fileRef = 5612553629AD37E8006C7832 /* ListedLinksUITestsLaunchTests.swift */; };
		5612554529AD3D49006C7832 /* Extensions.swift in Sources */ = {isa = PBXBuildFile; fileRef = 5612554429AD3D49006C7832 /* Extensions.swift */; };
/* End PBXBuildFile section */

/* Begin PBXContainerItemProxy section */
		5612552729AD37E8006C7832 /* PBXContainerItemProxy */ = {
			isa = PBXContainerItemProxy;
			containerPortal = 5612550829AD37E6006C7832 /* Project object */;
			proxyType = 1;
			remoteGlobalIDString = 5612550F29AD37E6006C7832;
			remoteInfo = ListedLinks;
		};
		5612553129AD37E8006C7832 /* PBXContainerItemProxy */ = {
			isa = PBXContainerItemProxy;
			containerPortal = 5612550829AD37E6006C7832 /* Project object */;
			proxyType = 1;
			remoteGlobalIDString = 5612550F29AD37E6006C7832;
			remoteInfo = ListedLinks;
		};
/* End PBXContainerItemProxy section */

/* Begin PBXFileReference section */
		5612551029AD37E6006C7832 /* ListedLinks.app */ = {isa = PBXFileReference; explicitFileType = wrapper.application; includeInIndex = 0; path = ListedLinks.app; sourceTree = BUILT_PRODUCTS_DIR; };
		5612551329AD37E6006C7832 /* AppDelegate.swift */ = {isa = PBXFileReference; lastKnownFileType = sourcecode.swift; path = AppDelegate.swift; sourceTree = "<group>"; };
		5612551529AD37E6006C7832 /* SceneDelegate.swift */ = {isa = PBXFileReference; lastKnownFileType = sourcecode.swift; path = SceneDelegate.swift; sourceTree = "<group>"; };
		5612551729AD37E6006C7832 /* ViewController.swift */ = {isa = PBXFileReference; lastKnownFileType = sourcecode.swift; path = ViewController.swift; sourceTree = "<group>"; };
		5612551C29AD37E8006C7832 /* Assets.xcassets */ = {isa = PBXFileReference; lastKnownFileType = folder.assetcatalog; path = Assets.xcassets; sourceTree = "<group>"; };
		5612551F29AD37E8006C7832 /* Base */ = {isa = PBXFileReference; lastKnownFileType = file.storyboard; name = Base; path = Base.lproj/LaunchScreen.storyboard; sourceTree = "<group>"; };
		5612552129AD37E8006C7832 /* Info.plist */ = {isa = PBXFileReference; lastKnownFileType = text.plist.xml; path = Info.plist; sourceTree = "<group>"; };
		5612552629AD37E8006C7832 /* ListedLinksTests.xctest */ = {isa = PBXFileReference; explicitFileType = wrapper.cfbundle; includeInIndex = 0; path = ListedLinksTests.xctest; sourceTree = BUILT_PRODUCTS_DIR; };
		5612552A29AD37E8006C7832 /* ListedLinksTests.swift */ = {isa = PBXFileReference; lastKnownFileType = sourcecode.swift; path = ListedLinksTests.swift; sourceTree = "<group>"; };
		5612553029AD37E8006C7832 /* ListedLinksUITests.xctest */ = {isa = PBXFileReference; explicitFileType = wrapper.cfbundle; includeInIndex = 0; path = ListedLinksUITests.xctest; sourceTree = BUILT_PRODUCTS_DIR; };
		5612553429AD37E8006C7832 /* ListedLinksUITests.swift */ = {isa = PBXFileReference; lastKnownFileType = sourcecode.swift; path = ListedLinksUITests.swift; sourceTree = "<group>"; };
		5612553629AD37E8006C7832 /* ListedLinksUITestsLaunchTests.swift */ = {isa = PBXFileReference; lastKnownFileType = sourcecode.swift; path = ListedLinksUITestsLaunchTests.swift; sourceTree = "<group>"; };
		5612554429AD3D49006C7832 /* Extensions.swift */ = {isa = PBXFileReference; lastKnownFileType = sourcecode.swift; path = Extensions.swift; sourceTree = "<group>"; };
/* End PBXFileReference section */

/* Begin PBXFrameworksBuildPhase section */
		5612550D29AD37E6006C7832 /* Frameworks */ = {
			isa = PBXFrameworksBuildPhase;
			buildActionMask = 2147483647;
			files = (
			);
			runOnlyForDeploymentPostprocessing = 0;
		};
		5612552329AD37E8006C7832 /* Frameworks */ = {
			isa = PBXFrameworksBuildPhase;
			buildActionMask = 2147483647;
			files = (
			);
			runOnlyForDeploymentPostprocessing = 0;
		};
		5612552D29AD37E8006C7832 /* Frameworks */ = {
			isa = PBXFrameworksBuildPhase;
			buildActionMask = 2147483647;
			files = (
			);
			runOnlyForDeploymentPostprocessing = 0;
		};
/* End PBXFrameworksBuildPhase section */

/* Begin PBXGroup section */
		5612550729AD37E6006C7832 = {
			isa = PBXGroup;
			children = (
				5612551229AD37E6006C7832 /* ListedLinks */,
				5612552929AD37E8006C7832 /* ListedLinksTests */,
				5612553329AD37E8006C7832 /* ListedLinksUITests */,
				5612551129AD37E6006C7832 /* Products */,
			);
			sourceTree = "<group>";
		};
		5612551129AD37E6006C7832 /* Products */ = {
			isa = PBXGroup;
			children = (
				5612551029AD37E6006C7832 /* ListedLinks.app */,
				5612552629AD37E8006C7832 /* ListedLinksTests.xctest */,
				5612553029AD37E8006C7832 /* ListedLinksUITests.xctest */,
			);
			name = Products;
			sourceTree = "<group>";
		};
		5612551229AD37E6006C7832 /* ListedLinks */ = {
			isa = PBXGroup;
			children = (
				5612554329AD3CFC006C7832 /* Utilities */,
				5612551329AD37E6006C7832 /* AppDelegate.swift */,
				5612551529AD37E6006C7832 /* SceneDelegate.swift */,
				5612551729AD37E6006C7832 /* ViewController.swift */,
				5612551C29AD37E8006C7832 /* Assets.xcassets */,
				5612551E29AD37E8006C7832 /* LaunchScreen.storyboard */,
				5612552129AD37E8006C7832 /* Info.plist */,
			);
			path = ListedLinks;
			sourceTree = "<group>";
		};
		5612552929AD37E8006C7832 /* ListedLinksTests */ = {
			isa = PBXGroup;
			children = (
				5612552A29AD37E8006C7832 /* ListedLinksTests.swift */,
			);
			path = ListedLinksTests;
			sourceTree = "<group>";
		};
		5612553329AD37E8006C7832 /* ListedLinksUITests */ = {
			isa = PBXGroup;
			children = (
				5612553429AD37E8006C7832 /* ListedLinksUITests.swift */,
				5612553629AD37E8006C7832 /* ListedLinksUITestsLaunchTests.swift */,
			);
			path = ListedLinksUITests;
			sourceTree = "<group>";
		};
		5612554329AD3CFC006C7832 /* Utilities */ = {
			isa = PBXGroup;
			children = (
				5612554429AD3D49006C7832 /* Extensions.swift */,
			);
			path = Utilities;
			sourceTree = "<group>";
		};
/* End PBXGroup section */

/* Begin PBXNativeTarget section */
		5612550F29AD37E6006C7832 /* ListedLinks */ = {
			isa = PBXNativeTarget;
			buildConfigurationList = 5612553A29AD37E8006C7832 /* Build configuration list for PBXNativeTarget "ListedLinks" */;
			buildPhases = (
				5612550C29AD37E6006C7832 /* Sources */,
				5612550D29AD37E6006C7832 /* Frameworks */,
				5612550E29AD37E6006C7832 /* Resources */,
			);
			buildRules = (
			);
			dependencies = (
			);
			name = ListedLinks;
			productName = ListedLinks;
			productReference = 5612551029AD37E6006C7832 /* ListedLinks.app */;
			productType = "com.apple.product-type.application";
		};
		5612552529AD37E8006C7832 /* ListedLinksTests */ = {
			isa = PBXNativeTarget;
			buildConfigurationList = 5612553D29AD37E8006C7832 /* Build configuration list for PBXNativeTarget "ListedLinksTests" */;
			buildPhases = (
				5612552229AD37E8006C7832 /* Sources */,
				5612552329AD37E8006C7832 /* Frameworks */,
				5612552429AD37E8006C7832 /* Resources */,
			);
			buildRules = (
			);
			dependencies = (
				5612552829AD37E8006C7832 /* PBXTargetDependency */,
			);
			name = ListedLinksTests;
			productName = ListedLinksTests;
			productReference = 5612552629AD37E8006C7832 /* ListedLinksTests.xctest */;
			productType = "com.apple.product-type.bundle.unit-test";
		};
		5612552F29AD37E8006C7832 /* ListedLinksUITests */ = {
			isa = PBXNativeTarget;
			buildConfigurationList = 5612554029AD37E8006C7832 /* Build configuration list for PBXNativeTarget "ListedLinksUITests" */;
			buildPhases = (
				5612552C29AD37E8006C7832 /* Sources */,
				5612552D29AD37E8006C7832 /* Frameworks */,
				5612552E29AD37E8006C7832 /* Resources */,
			);
			buildRules = (
			);
			dependencies = (
				5612553229AD37E8006C7832 /* PBXTargetDependency */,
			);
			name = ListedLinksUITests;
			productName = ListedLinksUITests;
			productReference = 5612553029AD37E8006C7832 /* ListedLinksUITests.xctest */;
			productType = "com.apple.product-type.bundle.ui-testing";
		};
/* End PBXNativeTarget section */

/* Begin PBXProject section */
		5612550829AD37E6006C7832 /* Project object */ = {
			isa = PBXProject;
			attributes = {
				BuildIndependentTargetsInParallel = 1;
				LastSwiftUpdateCheck = 1420;
				LastUpgradeCheck = 1420;
				TargetAttributes = {
					5612550F29AD37E6006C7832 = {
						CreatedOnToolsVersion = 14.2;
					};
					5612552529AD37E8006C7832 = {
						CreatedOnToolsVersion = 14.2;
						TestTargetID = 5612550F29AD37E6006C7832;
					};
					5612552F29AD37E8006C7832 = {
						CreatedOnToolsVersion = 14.2;
						TestTargetID = 5612550F29AD37E6006C7832;
					};
				};
			};
			buildConfigurationList = 5612550B29AD37E6006C7832 /* Build configuration list for PBXProject "ListedLinks" */;
			compatibilityVersion = "Xcode 14.0";
			developmentRegion = en;
			hasScannedForEncodings = 0;
			knownRegions = (
				en,
				Base,
			);
			mainGroup = 5612550729AD37E6006C7832;
			productRefGroup = 5612551129AD37E6006C7832 /* Products */;
			projectDirPath = "";
			projectRoot = "";
			targets = (
				5612550F29AD37E6006C7832 /* ListedLinks */,
				5612552529AD37E8006C7832 /* ListedLinksTests */,
				5612552F29AD37E8006C7832 /* ListedLinksUITests */,
			);
		};
/* End PBXProject section */

/* Begin PBXResourcesBuildPhase section */
		5612550E29AD37E6006C7832 /* Resources */ = {
			isa = PBXResourcesBuildPhase;
			buildActionMask = 2147483647;
			files = (
				5612552029AD37E8006C7832 /* LaunchScreen.storyboard in Resources */,
				5612551D29AD37E8006C7832 /* Assets.xcassets in Resources */,
			);
			runOnlyForDeploymentPostprocessing = 0;
		};
		5612552429AD37E8006C7832 /* Resources */ = {
			isa = PBXResourcesBuildPhase;
			buildActionMask = 2147483647;
			files = (
			);
			runOnlyForDeploymentPostprocessing = 0;
		};
		5612552E29AD37E8006C7832 /* Resources */ = {
			isa = PBXResourcesBuildPhase;
			buildActionMask = 2147483647;
			files = (
			);
			runOnlyForDeploymentPostprocessing = 0;
		};
/* End PBXResourcesBuildPhase section */

/* Begin PBXSourcesBuildPhase section */
		5612550C29AD37E6006C7832 /* Sources */ = {
			isa = PBXSourcesBuildPhase;
			buildActionMask = 2147483647;
			files = (
				5612551829AD37E6006C7832 /* ViewController.swift in Sources */,
				5612551429AD37E6006C7832 /* AppDelegate.swift in Sources */,
				5612551629AD37E6006C7832 /* SceneDelegate.swift in Sources */,
				5612554529AD3D49006C7832 /* Extensions.swift in Sources */,
			);
			runOnlyForDeploymentPostprocessing = 0;
		};
		5612552229AD37E8006C7832 /* Sources */ = {
			isa = PBXSourcesBuildPhase;
			buildActionMask = 2147483647;
			files = (
				5612552B29AD37E8006C7832 /* ListedLinksTests.swift in Sources */,
			);
			runOnlyForDeploymentPostprocessing = 0;
		};
		5612552C29AD37E8006C7832 /* Sources */ = {
			isa = PBXSourcesBuildPhase;
			buildActionMask = 2147483647;
			files = (
				5612553529AD37E8006C7832 /* ListedLinksUITests.swift in Sources */,
				5612553729AD37E8006C7832 /* ListedLinksUITestsLaunchTests.swift in Sources */,
			);
			runOnlyForDeploymentPostprocessing = 0;
		};
/* End PBXSourcesBuildPhase section */

/* Begin PBXTargetDependency section */
		5612552829AD37E8006C7832 /* PBXTargetDependency */ = {
			isa = PBXTargetDependency;
			target = 5612550F29AD37E6006C7832 /* ListedLinks */;
			targetProxy = 5612552729AD37E8006C7832 /* PBXContainerItemProxy */;
		};
		5612553229AD37E8006C7832 /* PBXTargetDependency */ = {
			isa = PBXTargetDependency;
			target = 5612550F29AD37E6006C7832 /* ListedLinks */;
			targetProxy = 5612553129AD37E8006C7832 /* PBXContainerItemProxy */;
		};
/* End PBXTargetDependency section */

/* Begin PBXVariantGroup section */
		5612551E29AD37E8006C7832 /* LaunchScreen.storyboard */ = {
			isa = PBXVariantGroup;
			children = (
				5612551F29AD37E8006C7832 /* Base */,
			);
			name = LaunchScreen.storyboard;
			sourceTree = "<group>";
		};
/* End PBXVariantGroup section */

/* Begin XCBuildConfiguration section */
		5612553829AD37E8006C7832 /* Debug */ = {
			isa = XCBuildConfiguration;
			buildSettings = {
				ALWAYS_SEARCH_USER_PATHS = NO;
				CLANG_ANALYZER_NONNULL = YES;
				CLANG_ANALYZER_NUMBER_OBJECT_CONVERSION = YES_AGGRESSIVE;
				CLANG_CXX_LANGUAGE_STANDARD = "gnu++20";
				CLANG_ENABLE_MODULES = YES;
				CLANG_ENABLE_OBJC_ARC = YES;
				CLANG_ENABLE_OBJC_WEAK = YES;
				CLANG_WARN_BLOCK_CAPTURE_AUTORELEASING = YES;
				CLANG_WARN_BOOL_CONVERSION = YES;
				CLANG_WARN_COMMA = YES;
				CLANG_WARN_CONSTANT_CONVERSION = YES;
				CLANG_WARN_DEPRECATED_OBJC_IMPLEMENTATIONS = YES;
				CLANG_WARN_DIRECT_OBJC_ISA_USAGE = YES_ERROR;
				CLANG_WARN_DOCUMENTATION_COMMENTS = YES;
				CLANG_WARN_EMPTY_BODY = YES;
				CLANG_WARN_ENUM_CONVERSION = YES;
				CLANG_WARN_INFINITE_RECURSION = YES;
				CLANG_WARN_INT_CONVERSION = YES;
				CLANG_WARN_NON_LITERAL_NULL_CONVERSION = YES;
				CLANG_WARN_OBJC_IMPLICIT_RETAIN_SELF = YES;
				CLANG_WARN_OBJC_LITERAL_CONVERSION = YES;
				CLANG_WARN_OBJC_ROOT_CLASS = YES_ERROR;
				CLANG_WARN_QUOTED_INCLUDE_IN_FRAMEWORK_HEADER = YES;
				CLANG_WARN_RANGE_LOOP_ANALYSIS = YES;
				CLANG_WARN_STRICT_PROTOTYPES = YES;
				CLANG_WARN_SUSPICIOUS_MOVE = YES;
				CLANG_WARN_UNGUARDED_AVAILABILITY = YES_AGGRESSIVE;
				CLANG_WARN_UNREACHABLE_CODE = YES;
				CLANG_WARN__DUPLICATE_METHOD_MATCH = YES;
				COPY_PHASE_STRIP = NO;
				DEBUG_INFORMATION_FORMAT = dwarf;
				ENABLE_STRICT_OBJC_MSGSEND = YES;
				ENABLE_TESTABILITY = YES;
				GCC_C_LANGUAGE_STANDARD = gnu11;
				GCC_DYNAMIC_NO_PIC = NO;
				GCC_NO_COMMON_BLOCKS = YES;
				GCC_OPTIMIZATION_LEVEL = 0;
				GCC_PREPROCESSOR_DEFINITIONS = (
					"DEBUG=1",
					"$(inherited)",
				);
				GCC_WARN_64_TO_32_BIT_CONVERSION = YES;
				GCC_WARN_ABOUT_RETURN_TYPE = YES_ERROR;
				GCC_WARN_UNDECLARED_SELECTOR = YES;
				GCC_WARN_UNINITIALIZED_AUTOS = YES_AGGRESSIVE;
				GCC_WARN_UNUSED_FUNCTION = YES;
				GCC_WARN_UNUSED_VARIABLE = YES;
				IPHONEOS_DEPLOYMENT_TARGET = 16.2;
				MTL_ENABLE_DEBUG_INFO = INCLUDE_SOURCE;
				MTL_FAST_MATH = YES;
				ONLY_ACTIVE_ARCH = YES;
				SDKROOT = iphoneos;
				SWIFT_ACTIVE_COMPILATION_CONDITIONS = DEBUG;
				SWIFT_OPTIMIZATION_LEVEL = "-Onone";
			};
			name = Debug;
		};
		5612553929AD37E8006C7832 /* Release */ = {
			isa = XCBuildConfiguration;
			buildSettings = {
				ALWAYS_SEARCH_USER_PATHS = NO;
				CLANG_ANALYZER_NONNULL = YES;
				CLANG_ANALYZER_NUMBER_OBJECT_CONVERSION = YES_AGGRESSIVE;
				CLANG_CXX_LANGUAGE_STANDARD = "gnu++20";
				CLANG_ENABLE_MODULES = YES;
				CLANG_ENABLE_OBJC_ARC = YES;
				CLANG_ENABLE_OBJC_WEAK = YES;
				CLANG_WARN_BLOCK_CAPTURE_AUTORELEASING = YES;
				CLANG_WARN_BOOL_CONVERSION = YES;
				CLANG_WARN_COMMA = YES;
				CLANG_WARN_CONSTANT_CONVERSION = YES;
				CLANG_WARN_DEPRECATED_OBJC_IMPLEMENTATIONS = YES;
				CLANG_WARN_DIRECT_OBJC_ISA_USAGE = YES_ERROR;
				CLANG_WARN_DOCUMENTATION_COMMENTS = YES;
				CLANG_WARN_EMPTY_BODY = YES;
				CLANG_WARN_ENUM_CONVERSION = YES;
				CLANG_WARN_INFINITE_RECURSION = YES;
				CLANG_WARN_INT_CONVERSION = YES;
				CLANG_WARN_NON_LITERAL_NULL_CONVERSION = YES;
				CLANG_WARN_OBJC_IMPLICIT_RETAIN_SELF = YES;
				CLANG_WARN_OBJC_LITERAL_CONVERSION = YES;
				CLANG_WARN_OBJC_ROOT_CLASS = YES_ERROR;
				CLANG_WARN_QUOTED_INCLUDE_IN_FRAMEWORK_HEADER = YES;
				CLANG_WARN_RANGE_LOOP_ANALYSIS = YES;
				CLANG_WARN_STRICT_PROTOTYPES = YES;
				CLANG_WARN_SUSPICIOUS_MOVE = YES;
				CLANG_WARN_UNGUARDED_AVAILABILITY = YES_AGGRESSIVE;
				CLANG_WARN_UNREACHABLE_CODE = YES;
				CLANG_WARN__DUPLICATE_METHOD_MATCH = YES;
				COPY_PHASE_STRIP = NO;
				DEBUG_INFORMATION_FORMAT = "dwarf-with-dsym";
				ENABLE_NS_ASSERTIONS = NO;
				ENABLE_STRICT_OBJC_MSGSEND = YES;
				GCC_C_LANGUAGE_STANDARD = gnu11;
				GCC_NO_COMMON_BLOCKS = YES;
				GCC_WARN_64_TO_32_BIT_CONVERSION = YES;
				GCC_WARN_ABOUT_RETURN_TYPE = YES_ERROR;
				GCC_WARN_UNDECLARED_SELECTOR = YES;
				GCC_WARN_UNINITIALIZED_AUTOS = YES_AGGRESSIVE;
				GCC_WARN_UNUSED_FUNCTION = YES;
				GCC_WARN_UNUSED_VARIABLE = YES;
				IPHONEOS_DEPLOYMENT_TARGET = 16.2;
				MTL_ENABLE_DEBUG_INFO = NO;
				MTL_FAST_MATH = YES;
				SDKROOT = iphoneos;
				SWIFT_COMPILATION_MODE = wholemodule;
				SWIFT_OPTIMIZATION_LEVEL = "-O";
				VALIDATE_PRODUCT = YES;
			};
			name = Release;
		};
		5612553B29AD37E8006C7832 /* Debug */ = {
			isa = XCBuildConfiguration;
			buildSettings = {
				ASSETCATALOG_COMPILER_APPICON_NAME = AppIcon;
				ASSETCATALOG_COMPILER_GLOBAL_ACCENT_COLOR_NAME = AccentColor;
				CODE_SIGN_STYLE = Automatic;
				CURRENT_PROJECT_VERSION = 1;
				GENERATE_INFOPLIST_FILE = YES;
				INFOPLIST_FILE = ListedLinks/Info.plist;
				INFOPLIST_KEY_UIApplicationSupportsIndirectInputEvents = YES;
				INFOPLIST_KEY_UILaunchStoryboardName = LaunchScreen;
				INFOPLIST_KEY_UIMainStoryboardFile = "";
				INFOPLIST_KEY_UIStatusBarStyle = "";
				INFOPLIST_KEY_UISupportedInterfaceOrientations_iPad = "UIInterfaceOrientationPortrait UIInterfaceOrientationPortraitUpsideDown UIInterfaceOrientationLandscapeLeft UIInterfaceOrientationLandscapeRight";
				INFOPLIST_KEY_UISupportedInterfaceOrientations_iPhone = "UIInterfaceOrientationPortrait UIInterfaceOrientationLandscapeLeft UIInterfaceOrientationLandscapeRight";
				LD_RUNPATH_SEARCH_PATHS = (
					"$(inherited)",
					"@executable_path/Frameworks",
				);
				MARKETING_VERSION = 1.0;
				PRODUCT_BUNDLE_IDENTIFIER = com.links.listed.ListedLinks;
				PRODUCT_NAME = "$(TARGET_NAME)";
				SWIFT_EMIT_LOC_STRINGS = YES;
				SWIFT_VERSION = 5.0;
				TARGETED_DEVICE_FAMILY = "1,2";
			};
			name = Debug;
		};
		5612553C29AD37E8006C7832 /* Release */ = {
			isa = XCBuildConfiguration;
			buildSettings = {
				ASSETCATALOG_COMPILER_APPICON_NAME = AppIcon;
				ASSETCATALOG_COMPILER_GLOBAL_ACCENT_COLOR_NAME = AccentColor;
				CODE_SIGN_STYLE = Automatic;
				CURRENT_PROJECT_VERSION = 1;
				GENERATE_INFOPLIST_FILE = YES;
				INFOPLIST_FILE = ListedLinks/Info.plist;
				INFOPLIST_KEY_UIApplicationSupportsIndirectInputEvents = YES;
				INFOPLIST_KEY_UILaunchStoryboardName = LaunchScreen;
				INFOPLIST_KEY_UIMainStoryboardFile = "";
				INFOPLIST_KEY_UIStatusBarStyle = "";
				INFOPLIST_KEY_UISupportedInterfaceOrientations_iPad = "UIInterfaceOrientationPortrait UIInterfaceOrientationPortraitUpsideDown UIInterfaceOrientationLandscapeLeft UIInterfaceOrientationLandscapeRight";
				INFOPLIST_KEY_UISupportedInterfaceOrientations_iPhone = "UIInterfaceOrientationPortrait UIInterfaceOrientationLandscapeLeft UIInterfaceOrientationLandscapeRight";
				LD_RUNPATH_SEARCH_PATHS = (
					"$(inherited)",
					"@executable_path/Frameworks",
				);
				MARKETING_VERSION = 1.0;
				PRODUCT_BUNDLE_IDENTIFIER = com.links.listed.ListedLinks;
				PRODUCT_NAME = "$(TARGET_NAME)";
				SWIFT_EMIT_LOC_STRINGS = YES;
				SWIFT_VERSION = 5.0;
				TARGETED_DEVICE_FAMILY = "1,2";
			};
			name = Release;
		};
		5612553E29AD37E8006C7832 /* Debug */ = {
			isa = XCBuildConfiguration;
			buildSettings = {
				ALWAYS_EMBED_SWIFT_STANDARD_LIBRARIES = YES;
				BUNDLE_LOADER = "$(TEST_HOST)";
				CODE_SIGN_STYLE = Automatic;
				CURRENT_PROJECT_VERSION = 1;
				GENERATE_INFOPLIST_FILE = YES;
				IPHONEOS_DEPLOYMENT_TARGET = 16.2;
				MARKETING_VERSION = 1.0;
				PRODUCT_BUNDLE_IDENTIFIER = com.links.listed.ListedLinksTests;
				PRODUCT_NAME = "$(TARGET_NAME)";
				SWIFT_EMIT_LOC_STRINGS = NO;
				SWIFT_VERSION = 5.0;
				TARGETED_DEVICE_FAMILY = "1,2";
				TEST_HOST = "$(BUILT_PRODUCTS_DIR)/ListedLinks.app/$(BUNDLE_EXECUTABLE_FOLDER_PATH)/ListedLinks";
			};
			name = Debug;
		};
		5612553F29AD37E8006C7832 /* Release */ = {
			isa = XCBuildConfiguration;
			buildSettings = {
				ALWAYS_EMBED_SWIFT_STANDARD_LIBRARIES = YES;
				BUNDLE_LOADER = "$(TEST_HOST)";
				CODE_SIGN_STYLE = Automatic;
				CURRENT_PROJECT_VERSION = 1;
				GENERATE_INFOPLIST_FILE = YES;
				IPHONEOS_DEPLOYMENT_TARGET = 16.2;
				MARKETING_VERSION = 1.0;
				PRODUCT_BUNDLE_IDENTIFIER = com.links.listed.ListedLinksTests;
				PRODUCT_NAME = "$(TARGET_NAME)";
				SWIFT_EMIT_LOC_STRINGS = NO;
				SWIFT_VERSION = 5.0;
				TARGETED_DEVICE_FAMILY = "1,2";
				TEST_HOST = "$(BUILT_PRODUCTS_DIR)/ListedLinks.app/$(BUNDLE_EXECUTABLE_FOLDER_PATH)/ListedLinks";
			};
			name = Release;
		};
		5612554129AD37E8006C7832 /* Debug */ = {
			isa = XCBuildConfiguration;
			buildSettings = {
				ALWAYS_EMBED_SWIFT_STANDARD_LIBRARIES = YES;
				CODE_SIGN_STYLE = Automatic;
				CURRENT_PROJECT_VERSION = 1;
				GENERATE_INFOPLIST_FILE = YES;
				MARKETING_VERSION = 1.0;
				PRODUCT_BUNDLE_IDENTIFIER = com.links.listed.ListedLinksUITests;
				PRODUCT_NAME = "$(TARGET_NAME)";
				SWIFT_EMIT_LOC_STRINGS = NO;
				SWIFT_VERSION = 5.0;
				TARGETED_DEVICE_FAMILY = "1,2";
				TEST_TARGET_NAME = ListedLinks;
			};
			name = Debug;
		};
		5612554229AD37E8006C7832 /* Release */ = {
			isa = XCBuildConfiguration;
			buildSettings = {
				ALWAYS_EMBED_SWIFT_STANDARD_LIBRARIES = YES;
				CODE_SIGN_STYLE = Automatic;
				CURRENT_PROJECT_VERSION = 1;
				GENERATE_INFOPLIST_FILE = YES;
				MARKETING_VERSION = 1.0;
				PRODUCT_BUNDLE_IDENTIFIER = com.links.listed.ListedLinksUITests;
				PRODUCT_NAME = "$(TARGET_NAME)";
				SWIFT_EMIT_LOC_STRINGS = NO;
				SWIFT_VERSION = 5.0;
				TARGETED_DEVICE_FAMILY = "1,2";
				TEST_TARGET_NAME = ListedLinks;
			};
			name = Release;
		};
/* End XCBuildConfiguration section */

/* Begin XCConfigurationList section */
		5612550B29AD37E6006C7832 /* Build configuration list for PBXProject "ListedLinks" */ = {
			isa = XCConfigurationList;
			buildConfigurations = (
				5612553829AD37E8006C7832 /* Debug */,
				5612553929AD37E8006C7832 /* Release */,
			);
			defaultConfigurationIsVisible = 0;
			defaultConfigurationName = Release;
		};
		5612553A29AD37E8006C7832 /* Build configuration list for PBXNativeTarget "ListedLinks" */ = {
			isa = XCConfigurationList;
			buildConfigurations = (
				5612553B29AD37E8006C7832 /* Debug */,
				5612553C29AD37E8006C7832 /* Release */,
			);
			defaultConfigurationIsVisible = 0;
			defaultConfigurationName = Release;
		};
		5612553D29AD37E8006C7832 /* Build configuration list for PBXNativeTarget "ListedLinksTests" */ = {
			isa = XCConfigurationList;
			buildConfigurations = (
				5612553E29AD37E8006C7832 /* Debug */,
				5612553F29AD37E8006C7832 /* Release */,
			);
			defaultConfigurationIsVisible = 0;
			defaultConfigurationName = Release;
		};
		5612554029AD37E8006C7832 /* Build configuration list for PBXNativeTarget "ListedLinksUITests" */ = {
			isa = XCConfigurationList;
			buildConfigurations = (
				5612554129AD37E8006C7832 /* Debug */,
				5612554229AD37E8006C7832 /* Release */,
			);
			defaultConfigurationIsVisible = 0;
			defaultConfigurationName = Release;
		};
/* End XCConfigurationList section */
	};
	rootObject = 5612550829AD37E6006C7832 /* Project object */;
}
